
Microsoft Visual Studio Solution File, Format Version 12.00
Project("{FAE04EC0-301F-11D3-BF4B-00C04F79EFBC}") = "LabCosmo_AZ204", "LabCosmo_AZ204\LabCosmo_AZ204.csproj", "{1D4F90BE-887C-4495-81F4-210A6810ED85}"
EndProject
Global
	GlobalSection(SolutionConfigurationPlatforms) = preSolution
		Debug|Any CPU = Debug|Any CPU
		Release|Any CPU = Release|Any CPU
	EndGlobalSection
	GlobalSection(ProjectConfigurationPlatforms) = postSolution
		{1D4F90BE-887C-4495-81F4-210A6810ED85}.Debug|Any CPU.ActiveCfg = Debug|Any CPU
		{1D4F90BE-887C-4495-81F4-210A6810ED85}.Debug|Any CPU.Build.0 = Debug|Any CPU
		{1D4F90BE-887C-4495-81F4-210A6810ED85}.Release|Any CPU.ActiveCfg = Release|Any CPU
		{1D4F90BE-887C-4495-81F4-210A6810ED85}.Release|Any CPU.Build.0 = Release|Any CPU
	EndGlobalSection
EndGlobal
